
Microsoft Visual Studio Solution File, Format Version 11.00
# Visual Studio 2010
Project("{FAE04EC0-301F-11D3-BF4B-00C04F79EFBC}") = "AutoDemo", "samples\AutoDemo\AutoDemo.csproj", "{9F2EA6C3-85E6-4137-AC17-26378D84F1D9}"
EndProject
Project("{2150E333-8FDC-42A3-9474-1A3956D46DE8}") = "lib", "lib", "{0DCDCCF1-C80D-4C7C-B50B-B7FB61D308D4}"
	ProjectSection(SolutionItems) = preProject
		lib\Mommosoft.ExpertSystem.dll = lib\Mommosoft.ExpertSystem.dll
	EndProjectSection
EndProject
Global
	GlobalSection(TeamFoundationVersionControl) = preSolution
		SccNumberOfProjects = 2
		SccEnterpriseProvider = {4CA58AB2-18FA-4F8D-95D4-32DDF27D184C}
		SccTeamFoundationServer = https://tfs.codeplex.com/tfs/tfs07
		SccLocalPath0 = .
		SccProjectUniqueName1 = samples\\AutoDemo\\AutoDemo.csproj
		SccProjectName1 = samples/AutoDemo
		SccLocalPath1 = samples\\AutoDemo
	EndGlobalSection
	GlobalSection(SolutionConfigurationPlatforms) = preSolution
		Debug|x86 = Debug|x86
		Release|x86 = Release|x86
	EndGlobalSection
	GlobalSection(ProjectConfigurationPlatforms) = postSolution
		{9F2EA6C3-85E6-4137-AC17-26378D84F1D9}.Debug|x86.ActiveCfg = Debug|x86
		{9F2EA6C3-85E6-4137-AC17-26378D84F1D9}.Debug|x86.Build.0 = Debug|x86
		{9F2EA6C3-85E6-4137-AC17-26378D84F1D9}.Release|x86.ActiveCfg = Release|x86
		{9F2EA6C3-85E6-4137-AC17-26378D84F1D9}.Release|x86.Build.0 = Release|x86
	EndGlobalSection
	GlobalSection(SolutionProperties) = preSolution
		HideSolutionNode = FALSE
	EndGlobalSection
EndGlobal
